
Microsoft Visual Studio Solution File, Format Version 12.00
# Visual Studio Version 17
VisualStudioVersion = 17.4.33213.308
MinimumVisualStudioVersion = 10.0.40219.1
Project("{9A19103F-16F7-4668-BE54-9A1E7A4F7556}") = "Ecommerce.API", "Ecommerce.API\Ecommerce.API.csproj", "{E268267C-934B-4E9F-93FA-E70F8E961935}"
EndProject
Project("{9A19103F-16F7-4668-BE54-9A1E7A4F7556}") = "Infrastructure", "Infrastructure\Infrastructure.csproj", "{FB1B12B1-04DF-49A5-B6B6-062430D07F27}"
EndProject
Project("{FAE04EC0-301F-11D3-BF4B-00C04F79EFBC}") = "Domain", "Domain\Domain.csproj", "{29FC070F-C3F0-45E6-86FC-1BA488408718}"
EndProject
Global
	GlobalSection(SolutionConfigurationPlatforms) = preSolution
		Debug|Any CPU = Debug|Any CPU
		Release|Any CPU = Release|Any CPU
	EndGlobalSection
	GlobalSection(ProjectConfigurationPlatforms) = postSolution
		{E268267C-934B-4E9F-93FA-E70F8E961935}.Debug|Any CPU.ActiveCfg = Debug|Any CPU
		{E268267C-934B-4E9F-93FA-E70F8E961935}.Debug|Any CPU.Build.0 = Debug|Any CPU
		{E268267C-934B-4E9F-93FA-E70F8E961935}.Release|Any CPU.ActiveCfg = Release|Any CPU
		{E268267C-934B-4E9F-93FA-E70F8E961935}.Release|Any CPU.Build.0 = Release|Any CPU
		{FB1B12B1-04DF-49A5-B6B6-062430D07F27}.Debug|Any CPU.ActiveCfg = Debug|Any CPU
		{FB1B12B1-04DF-49A5-B6B6-062430D07F27}.Debug|Any CPU.Build.0 = Debug|Any CPU
		{FB1B12B1-04DF-49A5-B6B6-062430D07F27}.Release|Any CPU.ActiveCfg = Release|Any CPU
		{FB1B12B1-04DF-49A5-B6B6-062430D07F27}.Release|Any CPU.Build.0 = Release|Any CPU
		{29FC070F-C3F0-45E6-86FC-1BA488408718}.Debug|Any CPU.ActiveCfg = Debug|Any CPU
		{29FC070F-C3F0-45E6-86FC-1BA488408718}.Debug|Any CPU.Build.0 = Debug|Any CPU
		{29FC070F-C3F0-45E6-86FC-1BA488408718}.Release|Any CPU.ActiveCfg = Release|Any CPU
		{29FC070F-C3F0-45E6-86FC-1BA488408718}.Release|Any CPU.Build.0 = Release|Any CPU
	EndGlobalSection
	GlobalSection(SolutionProperties) = preSolution
		HideSolutionNode = FALSE
	EndGlobalSection
	GlobalSection(ExtensibilityGlobals) = postSolution
		SolutionGuid = {C1FD921D-632B-4F06-A0D1-4BC6BBA45F91}
	EndGlobalSection
EndGlobal
